
Microsoft Visual Studio Solution File, Format Version 12.00
# Visual Studio Version 17
VisualStudioVersion = 17.0.31912.275
MinimumVisualStudioVersion = 10.0.40219.1
Project("{9A19103F-16F7-4668-BE54-9A1E7A4F7556}") = "section1.2", "src\section_1\section1.2\section1.2.csproj", "{50FAA7AF-4CE7-4450-A050-F1573255AA14}"
EndProject
Project("{2150E333-8FDC-42A3-9474-1A3956D46DE8}") = "Solution Items", "Solution Items", "{5C129B4C-3139-4FE1-A285-85DA342DFB97}"
	ProjectSection(SolutionItems) = preProject
		docker-compose.yml = docker-compose.yml
	EndProjectSection
EndProject
Project("{9A19103F-16F7-4668-BE54-9A1E7A4F7556}") = "section1.5", "src\section_1\section1.5\section1.5.csproj", "{441E3EC3-E41A-4676-9159-F3D52D8BC758}"
EndProject
Project("{9A19103F-16F7-4668-BE54-9A1E7A4F7556}") = "section2.1", "src\section_2\section2.1\section2.1.csproj", "{389C8994-F55D-4685-9AA4-E92B0822E3C9}"
EndProject
Project("{9A19103F-16F7-4668-BE54-9A1E7A4F7556}") = "section2.2", "src\section_2\section2.2\section2.2.csproj", "{205C3706-0BD9-4724-8398-8127353FACCC}"
EndProject
Project("{9A19103F-16F7-4668-BE54-9A1E7A4F7556}") = "section2.3", "src\section_2\section2.3\section2.3.csproj", "{9055F04B-AA33-4725-81A9-772221DFF0D6}"
EndProject
Project("{9A19103F-16F7-4668-BE54-9A1E7A4F7556}") = "section2.4", "src\section_2\section2.4\section2.4.csproj", "{CCF7D1AA-0A80-4A67-9E6A-884E768D318C}"
EndProject
Project("{9A19103F-16F7-4668-BE54-9A1E7A4F7556}") = "section2.5", "src\section_2\section2.5\section2.5.csproj", "{19F872BC-6F56-43B3-B196-8C0EFCCE4BF9}"
EndProject
Project("{9A19103F-16F7-4668-BE54-9A1E7A4F7556}") = "section2.6", "src\section_2\section2.6\section2.6.csproj", "{A81293D1-060B-4D1E-A01F-F17B862A11A4}"
EndProject
Project("{9A19103F-16F7-4668-BE54-9A1E7A4F7556}") = "section2.7", "src\section_2\section2.7\section2.7.csproj", "{4C24FCB6-93C6-4DE8-8DE7-866B0A7ADAAD}"
EndProject
Project("{9A19103F-16F7-4668-BE54-9A1E7A4F7556}") = "section2.8", "src\section_2\section2.8\section2.8.csproj", "{16566BBF-CD6F-4CB5-B77E-F8DF244426E2}"
EndProject
Project("{9A19103F-16F7-4668-BE54-9A1E7A4F7556}") = "section2.9", "src\section_2\section2.9\section2.9.csproj", "{82DF9577-33EF-4647-84F5-46B98D44B20E}"
EndProject
Project("{9A19103F-16F7-4668-BE54-9A1E7A4F7556}") = "section3.2", "src\section_3\section3.2\section3.2.csproj", "{B86AAD8B-BBDB-45C5-B85D-B972C43AF0F0}"
EndProject
Project("{9A19103F-16F7-4668-BE54-9A1E7A4F7556}") = "section3.4", "src\section_3\section3.4\section3.4.csproj", "{0784D915-9C47-4410-AA5D-2A3E5D323BD1}"
EndProject
Global
	GlobalSection(SolutionConfigurationPlatforms) = preSolution
		Debug|Any CPU = Debug|Any CPU
		Release|Any CPU = Release|Any CPU
	EndGlobalSection
	GlobalSection(ProjectConfigurationPlatforms) = postSolution
		{50FAA7AF-4CE7-4450-A050-F1573255AA14}.Debug|Any CPU.ActiveCfg = Debug|Any CPU
		{50FAA7AF-4CE7-4450-A050-F1573255AA14}.Debug|Any CPU.Build.0 = Debug|Any CPU
		{50FAA7AF-4CE7-4450-A050-F1573255AA14}.Release|Any CPU.ActiveCfg = Release|Any CPU
		{50FAA7AF-4CE7-4450-A050-F1573255AA14}.Release|Any CPU.Build.0 = Release|Any CPU
		{441E3EC3-E41A-4676-9159-F3D52D8BC758}.Debug|Any CPU.ActiveCfg = Debug|Any CPU
		{441E3EC3-E41A-4676-9159-F3D52D8BC758}.Debug|Any CPU.Build.0 = Debug|Any CPU
		{441E3EC3-E41A-4676-9159-F3D52D8BC758}.Release|Any CPU.ActiveCfg = Release|Any CPU
		{441E3EC3-E41A-4676-9159-F3D52D8BC758}.Release|Any CPU.Build.0 = Release|Any CPU
		{389C8994-F55D-4685-9AA4-E92B0822E3C9}.Debug|Any CPU.ActiveCfg = Debug|Any CPU
		{389C8994-F55D-4685-9AA4-E92B0822E3C9}.Debug|Any CPU.Build.0 = Debug|Any CPU
		{389C8994-F55D-4685-9AA4-E92B0822E3C9}.Release|Any CPU.ActiveCfg = Release|Any CPU
		{389C8994-F55D-4685-9AA4-E92B0822E3C9}.Release|Any CPU.Build.0 = Release|Any CPU
		{205C3706-0BD9-4724-8398-8127353FACCC}.Debug|Any CPU.ActiveCfg = Debug|Any CPU
		{205C3706-0BD9-4724-8398-8127353FACCC}.Debug|Any CPU.Build.0 = Debug|Any CPU
		{205C3706-0BD9-4724-8398-8127353FACCC}.Release|Any CPU.ActiveCfg = Release|Any CPU
		{205C3706-0BD9-4724-8398-8127353FACCC}.Release|Any CPU.Build.0 = Release|Any CPU
		{9055F04B-AA33-4725-81A9-772221DFF0D6}.Debug|Any CPU.ActiveCfg = Debug|Any CPU
		{9055F04B-AA33-4725-81A9-772221DFF0D6}.Debug|Any CPU.Build.0 = Debug|Any CPU
		{9055F04B-AA33-4725-81A9-772221DFF0D6}.Release|Any CPU.ActiveCfg = Release|Any CPU
		{9055F04B-AA33-4725-81A9-772221DFF0D6}.Release|Any CPU.Build.0 = Release|Any CPU
		{CCF7D1AA-0A80-4A67-9E6A-884E768D318C}.Debug|Any CPU.ActiveCfg = Debug|Any CPU
		{CCF7D1AA-0A80-4A67-9E6A-884E768D318C}.Debug|Any CPU.Build.0 = Debug|Any CPU
		{CCF7D1AA-0A80-4A67-9E6A-884E768D318C}.Release|Any CPU.ActiveCfg = Release|Any CPU
		{CCF7D1AA-0A80-4A67-9E6A-884E768D318C}.Release|Any CPU.Build.0 = Release|Any CPU
		{19F872BC-6F56-43B3-B196-8C0EFCCE4BF9}.Debug|Any CPU.ActiveCfg = Debug|Any CPU
		{19F872BC-6F56-43B3-B196-8C0EFCCE4BF9}.Debug|Any CPU.Build.0 = Debug|Any CPU
		{19F872BC-6F56-43B3-B196-8C0EFCCE4BF9}.Release|Any CPU.ActiveCfg = Release|Any CPU
		{19F872BC-6F56-43B3-B196-8C0EFCCE4BF9}.Release|Any CPU.Build.0 = Release|Any CPU
		{A81293D1-060B-4D1E-A01F-F17B862A11A4}.Debug|Any CPU.ActiveCfg = Debug|Any CPU
		{A81293D1-060B-4D1E-A01F-F17B862A11A4}.Debug|Any CPU.Build.0 = Debug|Any CPU
		{A81293D1-060B-4D1E-A01F-F17B862A11A4}.Release|Any CPU.ActiveCfg = Release|Any CPU
		{A81293D1-060B-4D1E-A01F-F17B862A11A4}.Release|Any CPU.Build.0 = Release|Any CPU
		{4C24FCB6-93C6-4DE8-8DE7-866B0A7ADAAD}.Debug|Any CPU.ActiveCfg = Debug|Any CPU
		{4C24FCB6-93C6-4DE8-8DE7-866B0A7ADAAD}.Debug|Any CPU.Build.0 = Debug|Any CPU
		{4C24FCB6-93C6-4DE8-8DE7-866B0A7ADAAD}.Release|Any CPU.ActiveCfg = Release|Any CPU
		{4C24FCB6-93C6-4DE8-8DE7-866B0A7ADAAD}.Release|Any CPU.Build.0 = Release|Any CPU
		{16566BBF-CD6F-4CB5-B77E-F8DF244426E2}.Debug|Any CPU.ActiveCfg = Debug|Any CPU
		{16566BBF-CD6F-4CB5-B77E-F8DF244426E2}.Debug|Any CPU.Build.0 = Debug|Any CPU
		{16566BBF-CD6F-4CB5-B77E-F8DF244426E2}.Release|Any CPU.ActiveCfg = Release|Any CPU
		{16566BBF-CD6F-4CB5-B77E-F8DF244426E2}.Release|Any CPU.Build.0 = Release|Any CPU
		{82DF9577-33EF-4647-84F5-46B98D44B20E}.Debug|Any CPU.ActiveCfg = Debug|Any CPU
		{82DF9577-33EF-4647-84F5-46B98D44B20E}.Debug|Any CPU.Build.0 = Debug|Any CPU
		{82DF9577-33EF-4647-84F5-46B98D44B20E}.Release|Any CPU.ActiveCfg = Release|Any CPU
		{82DF9577-33EF-4647-84F5-46B98D44B20E}.Release|Any CPU.Build.0 = Release|Any CPU
		{B86AAD8B-BBDB-45C5-B85D-B972C43AF0F0}.Debug|Any CPU.ActiveCfg = Debug|Any CPU
		{B86AAD8B-BBDB-45C5-B85D-B972C43AF0F0}.Debug|Any CPU.Build.0 = Debug|Any CPU
		{B86AAD8B-BBDB-45C5-B85D-B972C43AF0F0}.Release|Any CPU.ActiveCfg = Release|Any CPU
		{B86AAD8B-BBDB-45C5-B85D-B972C43AF0F0}.Release|Any CPU.Build.0 = Release|Any CPU
		{0784D915-9C47-4410-AA5D-2A3E5D323BD1}.Debug|Any CPU.ActiveCfg = Debug|Any CPU
		{0784D915-9C47-4410-AA5D-2A3E5D323BD1}.Debug|Any CPU.Build.0 = Debug|Any CPU
		{0784D915-9C47-4410-AA5D-2A3E5D323BD1}.Release|Any CPU.ActiveCfg = Release|Any CPU
		{0784D915-9C47-4410-AA5D-2A3E5D323BD1}.Release|Any CPU.Build.0 = Release|Any CPU
	EndGlobalSection
	GlobalSection(SolutionProperties) = preSolution
		HideSolutionNode = FALSE
	EndGlobalSection
	GlobalSection(ExtensibilityGlobals) = postSolution
		SolutionGuid = {35A8D8A6-5F99-4D95-ADB0-DDF38DF6B51E}
	EndGlobalSection
EndGlobal
