
Microsoft Visual Studio Solution File, Format Version 12.00
# Visual Studio Version 17
VisualStudioVersion = 17.0.31912.275
MinimumVisualStudioVersion = 10.0.40219.1
Project("{9A19103F-16F7-4668-BE54-9A1E7A4F7556}") = "section1.2", "src\section_1\section1.2\section1.2.csproj", "{50FAA7AF-4CE7-4450-A050-F1573255AA14}"
EndProject
Project("{2150E333-8FDC-42A3-9474-1A3956D46DE8}") = "Solution Items", "Solution Items", "{5C129B4C-3139-4FE1-A285-85DA342DFB97}"
	ProjectSection(SolutionItems) = preProject
		docker-compose.yml = docker-compose.yml
	EndProjectSection
EndProject
Global
	GlobalSection(SolutionConfigurationPlatforms) = preSolution
		Debug|Any CPU = Debug|Any CPU
		Release|Any CPU = Release|Any CPU
	EndGlobalSection
	GlobalSection(ProjectConfigurationPlatforms) = postSolution
		{50FAA7AF-4CE7-4450-A050-F1573255AA14}.Debug|Any CPU.ActiveCfg = Debug|Any CPU
		{50FAA7AF-4CE7-4450-A050-F1573255AA14}.Debug|Any CPU.Build.0 = Debug|Any CPU
		{50FAA7AF-4CE7-4450-A050-F1573255AA14}.Release|Any CPU.ActiveCfg = Release|Any CPU
		{50FAA7AF-4CE7-4450-A050-F1573255AA14}.Release|Any CPU.Build.0 = Release|Any CPU
	EndGlobalSection
	GlobalSection(SolutionProperties) = preSolution
		HideSolutionNode = FALSE
	EndGlobalSection
	GlobalSection(ExtensibilityGlobals) = postSolution
		SolutionGuid = {35A8D8A6-5F99-4D95-ADB0-DDF38DF6B51E}
	EndGlobalSection
EndGlobal
